
Microsoft Visual Studio Solution File, Format Version 12.00
# Visual Studio Version 17
VisualStudioVersion = 17.6.33712.159
MinimumVisualStudioVersion = 10.0.40219.1
Project("{9A19103F-16F7-4668-BE54-9A1E7A4F7556}") = "aadcapi.UnitTests", "aadcapi.UnitTests\aadcapi.UnitTests.csproj", "{DC598A28-0E8F-4521-B765-02C2F2114307}"
EndProject
Project("{2150E333-8FDC-42A3-9474-1A3956D46DE8}") = "Solution Items", "Solution Items", "{920A1E71-4728-438B-BCD1-BCB4E38C3824}"
	ProjectSection(SolutionItems) = preProject
		..\README.md = ..\README.md
		scratch.json = scratch.json
	EndProjectSection
EndProject
Project("{9A19103F-16F7-4668-BE54-9A1E7A4F7556}") = "McAuthorization", "McAuthorization\McAuthorization.csproj", "{BED7D5FE-F260-4541-A680-E59ED9E090DC}"
EndProject
Project("{9A19103F-16F7-4668-BE54-9A1E7A4F7556}") = "McAuthorization.Bench", "McAuthorization.Bench\McAuthorization.Bench.csproj", "{BCF62DE1-B819-46E9-9235-08A9F1CF816C}"
EndProject
Project("{9A19103F-16F7-4668-BE54-9A1E7A4F7556}") = "LaparoscopeRpc", "LaparoscopeRpc\LaparoscopeRpc.csproj", "{3667B839-DA5C-4EF4-8063-824D62A3636C}"
EndProject
Project("{9A19103F-16F7-4668-BE54-9A1E7A4F7556}") = "LaparoscopeShared", "SharedModel\LaparoscopeShared.csproj", "{36F69649-3890-41F2-97D3-59918C09B97A}"
EndProject
Project("{9A19103F-16F7-4668-BE54-9A1E7A4F7556}") = "PoshRpcTestClient", "RpcClient\PoshRpcTestClient.csproj", "{E3865B4E-6754-4812-965A-81E902389FF3}"
EndProject
Project("{9A19103F-16F7-4668-BE54-9A1E7A4F7556}") = "Laparoscope", "Laparoscope\Laparoscope.csproj", "{DCF53919-F7E6-454F-B9D0-D6F823D6EF39}"
EndProject
Global
	GlobalSection(SolutionConfigurationPlatforms) = preSolution
		Debug|Any CPU = Debug|Any CPU
		Debug|x64 = Debug|x64
		Debug|x86 = Debug|x86
		Release|Any CPU = Release|Any CPU
		Release|x64 = Release|x64
		Release|x86 = Release|x86
	EndGlobalSection
	GlobalSection(ProjectConfigurationPlatforms) = postSolution
		{DC598A28-0E8F-4521-B765-02C2F2114307}.Debug|Any CPU.ActiveCfg = Debug|Any CPU
		{DC598A28-0E8F-4521-B765-02C2F2114307}.Debug|Any CPU.Build.0 = Debug|Any CPU
		{DC598A28-0E8F-4521-B765-02C2F2114307}.Debug|x64.ActiveCfg = Debug|Any CPU
		{DC598A28-0E8F-4521-B765-02C2F2114307}.Debug|x64.Build.0 = Debug|Any CPU
		{DC598A28-0E8F-4521-B765-02C2F2114307}.Debug|x86.ActiveCfg = Debug|Any CPU
		{DC598A28-0E8F-4521-B765-02C2F2114307}.Debug|x86.Build.0 = Debug|Any CPU
		{DC598A28-0E8F-4521-B765-02C2F2114307}.Release|Any CPU.ActiveCfg = Release|Any CPU
		{DC598A28-0E8F-4521-B765-02C2F2114307}.Release|Any CPU.Build.0 = Release|Any CPU
		{DC598A28-0E8F-4521-B765-02C2F2114307}.Release|x64.ActiveCfg = Release|Any CPU
		{DC598A28-0E8F-4521-B765-02C2F2114307}.Release|x64.Build.0 = Release|Any CPU
		{DC598A28-0E8F-4521-B765-02C2F2114307}.Release|x86.ActiveCfg = Release|Any CPU
		{DC598A28-0E8F-4521-B765-02C2F2114307}.Release|x86.Build.0 = Release|Any CPU
		{BED7D5FE-F260-4541-A680-E59ED9E090DC}.Debug|Any CPU.ActiveCfg = Debug|Any CPU
		{BED7D5FE-F260-4541-A680-E59ED9E090DC}.Debug|Any CPU.Build.0 = Debug|Any CPU
		{BED7D5FE-F260-4541-A680-E59ED9E090DC}.Debug|x64.ActiveCfg = Debug|Any CPU
		{BED7D5FE-F260-4541-A680-E59ED9E090DC}.Debug|x64.Build.0 = Debug|Any CPU
		{BED7D5FE-F260-4541-A680-E59ED9E090DC}.Debug|x86.ActiveCfg = Debug|Any CPU
		{BED7D5FE-F260-4541-A680-E59ED9E090DC}.Debug|x86.Build.0 = Debug|Any CPU
		{BED7D5FE-F260-4541-A680-E59ED9E090DC}.Release|Any CPU.ActiveCfg = Release|Any CPU
		{BED7D5FE-F260-4541-A680-E59ED9E090DC}.Release|Any CPU.Build.0 = Release|Any CPU
		{BED7D5FE-F260-4541-A680-E59ED9E090DC}.Release|x64.ActiveCfg = Release|Any CPU
		{BED7D5FE-F260-4541-A680-E59ED9E090DC}.Release|x64.Build.0 = Release|Any CPU
		{BED7D5FE-F260-4541-A680-E59ED9E090DC}.Release|x86.ActiveCfg = Release|Any CPU
		{BED7D5FE-F260-4541-A680-E59ED9E090DC}.Release|x86.Build.0 = Release|Any CPU
		{BCF62DE1-B819-46E9-9235-08A9F1CF816C}.Debug|Any CPU.ActiveCfg = Debug|Any CPU
		{BCF62DE1-B819-46E9-9235-08A9F1CF816C}.Debug|Any CPU.Build.0 = Debug|Any CPU
		{BCF62DE1-B819-46E9-9235-08A9F1CF816C}.Debug|x64.ActiveCfg = Debug|Any CPU
		{BCF62DE1-B819-46E9-9235-08A9F1CF816C}.Debug|x64.Build.0 = Debug|Any CPU
		{BCF62DE1-B819-46E9-9235-08A9F1CF816C}.Debug|x86.ActiveCfg = Debug|Any CPU
		{BCF62DE1-B819-46E9-9235-08A9F1CF816C}.Debug|x86.Build.0 = Debug|Any CPU
		{BCF62DE1-B819-46E9-9235-08A9F1CF816C}.Release|Any CPU.ActiveCfg = Release|Any CPU
		{BCF62DE1-B819-46E9-9235-08A9F1CF816C}.Release|Any CPU.Build.0 = Release|Any CPU
		{BCF62DE1-B819-46E9-9235-08A9F1CF816C}.Release|x64.ActiveCfg = Release|Any CPU
		{BCF62DE1-B819-46E9-9235-08A9F1CF816C}.Release|x64.Build.0 = Release|Any CPU
		{BCF62DE1-B819-46E9-9235-08A9F1CF816C}.Release|x86.ActiveCfg = Release|Any CPU
		{BCF62DE1-B819-46E9-9235-08A9F1CF816C}.Release|x86.Build.0 = Release|Any CPU
		{3667B839-DA5C-4EF4-8063-824D62A3636C}.Debug|Any CPU.ActiveCfg = Debug|Any CPU
		{3667B839-DA5C-4EF4-8063-824D62A3636C}.Debug|Any CPU.Build.0 = Debug|Any CPU
		{3667B839-DA5C-4EF4-8063-824D62A3636C}.Debug|x64.ActiveCfg = Debug|Any CPU
		{3667B839-DA5C-4EF4-8063-824D62A3636C}.Debug|x64.Build.0 = Debug|Any CPU
		{3667B839-DA5C-4EF4-8063-824D62A3636C}.Debug|x86.ActiveCfg = Debug|Any CPU
		{3667B839-DA5C-4EF4-8063-824D62A3636C}.Debug|x86.Build.0 = Debug|Any CPU
		{3667B839-DA5C-4EF4-8063-824D62A3636C}.Release|Any CPU.ActiveCfg = Release|Any CPU
		{3667B839-DA5C-4EF4-8063-824D62A3636C}.Release|Any CPU.Build.0 = Release|Any CPU
		{3667B839-DA5C-4EF4-8063-824D62A3636C}.Release|x64.ActiveCfg = Release|Any CPU
		{3667B839-DA5C-4EF4-8063-824D62A3636C}.Release|x64.Build.0 = Release|Any CPU
		{3667B839-DA5C-4EF4-8063-824D62A3636C}.Release|x86.ActiveCfg = Release|Any CPU
		{3667B839-DA5C-4EF4-8063-824D62A3636C}.Release|x86.Build.0 = Release|Any CPU
		{36F69649-3890-41F2-97D3-59918C09B97A}.Debug|Any CPU.ActiveCfg = Debug|Any CPU
		{36F69649-3890-41F2-97D3-59918C09B97A}.Debug|Any CPU.Build.0 = Debug|Any CPU
		{36F69649-3890-41F2-97D3-59918C09B97A}.Debug|x64.ActiveCfg = Debug|Any CPU
		{36F69649-3890-41F2-97D3-59918C09B97A}.Debug|x64.Build.0 = Debug|Any CPU
		{36F69649-3890-41F2-97D3-59918C09B97A}.Debug|x86.ActiveCfg = Debug|Any CPU
		{36F69649-3890-41F2-97D3-59918C09B97A}.Debug|x86.Build.0 = Debug|Any CPU
		{36F69649-3890-41F2-97D3-59918C09B97A}.Release|Any CPU.ActiveCfg = Release|Any CPU
		{36F69649-3890-41F2-97D3-59918C09B97A}.Release|Any CPU.Build.0 = Release|Any CPU
		{36F69649-3890-41F2-97D3-59918C09B97A}.Release|x64.ActiveCfg = Release|Any CPU
		{36F69649-3890-41F2-97D3-59918C09B97A}.Release|x64.Build.0 = Release|Any CPU
		{36F69649-3890-41F2-97D3-59918C09B97A}.Release|x86.ActiveCfg = Release|Any CPU
		{36F69649-3890-41F2-97D3-59918C09B97A}.Release|x86.Build.0 = Release|Any CPU
		{E3865B4E-6754-4812-965A-81E902389FF3}.Debug|Any CPU.ActiveCfg = Debug|Any CPU
		{E3865B4E-6754-4812-965A-81E902389FF3}.Debug|Any CPU.Build.0 = Debug|Any CPU
		{E3865B4E-6754-4812-965A-81E902389FF3}.Debug|x64.ActiveCfg = Debug|Any CPU
		{E3865B4E-6754-4812-965A-81E902389FF3}.Debug|x64.Build.0 = Debug|Any CPU
		{E3865B4E-6754-4812-965A-81E902389FF3}.Debug|x86.ActiveCfg = Debug|Any CPU
		{E3865B4E-6754-4812-965A-81E902389FF3}.Debug|x86.Build.0 = Debug|Any CPU
		{E3865B4E-6754-4812-965A-81E902389FF3}.Release|Any CPU.ActiveCfg = Release|Any CPU
		{E3865B4E-6754-4812-965A-81E902389FF3}.Release|Any CPU.Build.0 = Release|Any CPU
		{E3865B4E-6754-4812-965A-81E902389FF3}.Release|x64.ActiveCfg = Release|Any CPU
		{E3865B4E-6754-4812-965A-81E902389FF3}.Release|x64.Build.0 = Release|Any CPU
		{E3865B4E-6754-4812-965A-81E902389FF3}.Release|x86.ActiveCfg = Release|Any CPU
		{E3865B4E-6754-4812-965A-81E902389FF3}.Release|x86.Build.0 = Release|Any CPU
		{DCF53919-F7E6-454F-B9D0-D6F823D6EF39}.Debug|Any CPU.ActiveCfg = Debug|Any CPU
		{DCF53919-F7E6-454F-B9D0-D6F823D6EF39}.Debug|Any CPU.Build.0 = Debug|Any CPU
		{DCF53919-F7E6-454F-B9D0-D6F823D6EF39}.Debug|x64.ActiveCfg = Debug|Any CPU
		{DCF53919-F7E6-454F-B9D0-D6F823D6EF39}.Debug|x64.Build.0 = Debug|Any CPU
		{DCF53919-F7E6-454F-B9D0-D6F823D6EF39}.Debug|x86.ActiveCfg = Debug|Any CPU
		{DCF53919-F7E6-454F-B9D0-D6F823D6EF39}.Debug|x86.Build.0 = Debug|Any CPU
		{DCF53919-F7E6-454F-B9D0-D6F823D6EF39}.Release|Any CPU.ActiveCfg = Release|Any CPU
		{DCF53919-F7E6-454F-B9D0-D6F823D6EF39}.Release|Any CPU.Build.0 = Release|Any CPU
		{DCF53919-F7E6-454F-B9D0-D6F823D6EF39}.Release|x64.ActiveCfg = Release|Any CPU
		{DCF53919-F7E6-454F-B9D0-D6F823D6EF39}.Release|x64.Build.0 = Release|Any CPU
		{DCF53919-F7E6-454F-B9D0-D6F823D6EF39}.Release|x86.ActiveCfg = Release|Any CPU
		{DCF53919-F7E6-454F-B9D0-D6F823D6EF39}.Release|x86.Build.0 = Release|Any CPU
	EndGlobalSection
	GlobalSection(SolutionProperties) = preSolution
		HideSolutionNode = FALSE
	EndGlobalSection
	GlobalSection(ExtensibilityGlobals) = postSolution
		SolutionGuid = {3C5FA974-1379-4A39-86AB-43EB11C63676}
	EndGlobalSection
EndGlobal
